
Microsoft Visual Studio Solution File, Format Version 12.00
# Visual Studio Version 16
VisualStudioVersion = 16.0.30717.126
MinimumVisualStudioVersion = 10.0.40219.1
Project("{FAE04EC0-301F-11D3-BF4B-00C04F79EFBC}") = "ConsoleApp", "ConsoleApp\ConsoleApp.csproj", "{2BC3FBA9-7F75-4A61-A212-8F9BFC140218}"
EndProject
Global
	GlobalSection(SolutionConfigurationPlatforms) = preSolution
		Debug|Any CPU = Debug|Any CPU
		Release|Any CPU = Release|Any CPU
	EndGlobalSection
	GlobalSection(ProjectConfigurationPlatforms) = postSolution
		{2BC3FBA9-7F75-4A61-A212-8F9BFC140218}.Debug|Any CPU.ActiveCfg = Debug|Any CPU
		{2BC3FBA9-7F75-4A61-A212-8F9BFC140218}.Debug|Any CPU.Build.0 = Debug|Any CPU
		{2BC3FBA9-7F75-4A61-A212-8F9BFC140218}.Release|Any CPU.ActiveCfg = Release|Any CPU
		{2BC3FBA9-7F75-4A61-A212-8F9BFC140218}.Release|Any CPU.Build.0 = Release|Any CPU
	EndGlobalSection
	GlobalSection(SolutionProperties) = preSolution
		HideSolutionNode = FALSE
	EndGlobalSection
	GlobalSection(ExtensibilityGlobals) = postSolution
		SolutionGuid = {971C5CD1-94FA-49EC-8E36-169C016BB886}
	EndGlobalSection
EndGlobal
